// !$*UTF8*$!
{
	archiveVersion = 1;
	classes = {
	};
	objectVersion = 50;
	objects = {

/* Begin PBXBuildFile section */
		0CF4BA28261E7DEE00A4BE1C /* AppDelegate.swift in Sources */ = {isa = PBXBuildFile; fileRef = 0CF4BA27261E7DEE00A4BE1C /* AppDelegate.swift */; };
		0CF4BA2A261E7DEE00A4BE1C /* SceneDelegate.swift in Sources */ = {isa = PBXBuildFile; fileRef = 0CF4BA29261E7DEE00A4BE1C /* SceneDelegate.swift */; };
		0CF4BA2C261E7DEE00A4BE1C /* ViewController.swift in Sources */ = {isa = PBXBuildFile; fileRef = 0CF4BA2B261E7DEE00A4BE1C /* ViewController.swift */; };
		0CF4BA2F261E7DEE00A4BE1C /* Main.storyboard in Resources */ = {isa = PBXBuildFile; fileRef = 0CF4BA2D261E7DEE00A4BE1C /* Main.storyboard */; };
		0CF4BA31261E7DEE00A4BE1C /* Assets.xcassets in Resources */ = {isa = PBXBuildFile; fileRef = 0CF4BA30261E7DEE00A4BE1C /* Assets.xcassets */; };
		0CF4BA34261E7DEE00A4BE1C /* LaunchScreen.storyboard in Resources */ = {isa = PBXBuildFile; fileRef = 0CF4BA32261E7DEE00A4BE1C /* LaunchScreen.storyboard */; };
		0CF4BA3F261E7DEE00A4BE1C /* Actv_9Tests.swift in Sources */ = {isa = PBXBuildFile; fileRef = 0CF4BA3E261E7DEE00A4BE1C /* Actv_9Tests.swift */; };
		0CF4BA4A261E7DEF00A4BE1C /* Actv_9UITests.swift in Sources */ = {isa = PBXBuildFile; fileRef = 0CF4BA49261E7DEF00A4BE1C /* Actv_9UITests.swift */; };
/* End PBXBuildFile section */

/* Begin PBXContainerItemProxy section */
		0CF4BA3B261E7DEE00A4BE1C /* PBXContainerItemProxy */ = {
			isa = PBXContainerItemProxy;
			containerPortal = 0CF4BA1C261E7DEE00A4BE1C /* Project object */;
			proxyType = 1;
			remoteGlobalIDString = 0CF4BA23261E7DEE00A4BE1C;
			remoteInfo = Actv_9;
		};
		0CF4BA46261E7DEF00A4BE1C /* PBXContainerItemProxy */ = {
			isa = PBXContainerItemProxy;
			containerPortal = 0CF4BA1C261E7DEE00A4BE1C /* Project object */;
			proxyType = 1;
			remoteGlobalIDString = 0CF4BA23261E7DEE00A4BE1C;
			remoteInfo = Actv_9;
		};
/* End PBXContainerItemProxy section */

/* Begin PBXFileReference section */
		0CF4BA24261E7DEE00A4BE1C /* Actv_9.app */ = {isa = PBXFileReference; explicitFileType = wrapper.application; includeInIndex = 0; path = Actv_9.app; sourceTree = BUILT_PRODUCTS_DIR; };
		0CF4BA27261E7DEE00A4BE1C /* AppDelegate.swift */ = {isa = PBXFileReference; lastKnownFileType = sourcecode.swift; path = AppDelegate.swift; sourceTree = "<group>"; };
		0CF4BA29261E7DEE00A4BE1C /* SceneDelegate.swift */ = {isa = PBXFileReference; lastKnownFileType = sourcecode.swift; path = SceneDelegate.swift; sourceTree = "<group>"; };
		0CF4BA2B261E7DEE00A4BE1C /* ViewController.swift */ = {isa = PBXFileReference; lastKnownFileType = sourcecode.swift; path = ViewController.swift; sourceTree = "<group>"; };
		0CF4BA2E261E7DEE00A4BE1C /* Base */ = {isa = PBXFileReference; lastKnownFileType = file.storyboard; name = Base; path = Base.lproj/Main.storyboard; sourceTree = "<group>"; };
		0CF4BA30261E7DEE00A4BE1C /* Assets.xcassets */ = {isa = PBXFileReference; lastKnownFileType = folder.assetcatalog; path = Assets.xcassets; sourceTree = "<group>"; };
		0CF4BA33261E7DEE00A4BE1C /* Base */ = {isa = PBXFileReference; lastKnownFileType = file.storyboard; name = Base; path = Base.lproj/LaunchScreen.storyboard; sourceTree = "<group>"; };
		0CF4BA35261E7DEE00A4BE1C /* Info.plist */ = {isa = PBXFileReference; lastKnownFileType = text.plist.xml; path = Info.plist; sourceTree = "<group>"; };
		0CF4BA3A261E7DEE00A4BE1C /* Actv_9Tests.xctest */ = {isa = PBXFileReference; explicitFileType = wrapper.cfbundle; includeInIndex = 0; path = Actv_9Tests.xctest; sourceTree = BUILT_PRODUCTS_DIR; };
		0CF4BA3E261E7DEE00A4BE1C /* Actv_9Tests.swift */ = {isa = PBXFileReference; lastKnownFileType = sourcecode.swift; path = Actv_9Tests.swift; sourceTree = "<group>"; };
		0CF4BA40261E7DEE00A4BE1C /* Info.plist */ = {isa = PBXFileReference; lastKnownFileType = text.plist.xml; path = Info.plist; sourceTree = "<group>"; };
		0CF4BA45261E7DEF00A4BE1C /* Actv_9UITests.xctest */ = {isa = PBXFileReference; explicitFileType = wrapper.cfbundle; includeInIndex = 0; path = Actv_9UITests.xctest; sourceTree = BUILT_PRODUCTS_DIR; };
		0CF4BA49261E7DEF00A4BE1C /* Actv_9UITests.swift */ = {isa = PBXFileReference; lastKnownFileType = sourcecode.swift; path = Actv_9UITests.swift; sourceTree = "<group>"; };
		0CF4BA4B261E7DEF00A4BE1C /* Info.plist */ = {isa = PBXFileReference; lastKnownFileType = text.plist.xml; path = Info.plist; sourceTree = "<group>"; };
/* End PBXFileReference section */

/* Begin PBXFrameworksBuildPhase section */
		0CF4BA21261E7DEE00A4BE1C /* Frameworks */ = {
			isa = PBXFrameworksBuildPhase;
			buildActionMask = 2147483647;
			files = (
			);
			runOnlyForDeploymentPostprocessing = 0;
		};
		0CF4BA37261E7DEE00A4BE1C /* Frameworks */ = {
			isa = PBXFrameworksBuildPhase;
			buildActionMask = 2147483647;
			files = (
			);
			runOnlyForDeploymentPostprocessing = 0;
		};
		0CF4BA42261E7DEF00A4BE1C /* Frameworks */ = {
			isa = PBXFrameworksBuildPhase;
			buildActionMask = 2147483647;
			files = (
			);
			runOnlyForDeploymentPostprocessing = 0;
		};
/* End PBXFrameworksBuildPhase section */

/* Begin PBXGroup section */
		0CF4BA1B261E7DEE00A4BE1C = {
			isa = PBXGroup;
			children = (
				0CF4BA26261E7DEE00A4BE1C /* Actv_9 */,
				0CF4BA3D261E7DEE00A4BE1C /* Actv_9Tests */,
				0CF4BA48261E7DEF00A4BE1C /* Actv_9UITests */,
				0CF4BA25261E7DEE00A4BE1C /* Products */,
			);
			sourceTree = "<group>";
		};
		0CF4BA25261E7DEE00A4BE1C /* Products */ = {
			isa = PBXGroup;
			children = (
				0CF4BA24261E7DEE00A4BE1C /* Actv_9.app */,
				0CF4BA3A261E7DEE00A4BE1C /* Actv_9Tests.xctest */,
				0CF4BA45261E7DEF00A4BE1C /* Actv_9UITests.xctest */,
			);
			name = Products;
			sourceTree = "<group>";
		};
		0CF4BA26261E7DEE00A4BE1C /* Actv_9 */ = {
			isa = PBXGroup;
			children = (
				0CF4BA27261E7DEE00A4BE1C /* AppDelegate.swift */,
				0CF4BA29261E7DEE00A4BE1C /* SceneDelegate.swift */,
				0CF4BA2B261E7DEE00A4BE1C /* ViewController.swift */,
				0CF4BA2D261E7DEE00A4BE1C /* Main.storyboard */,
				0CF4BA30261E7DEE00A4BE1C /* Assets.xcassets */,
				0CF4BA32261E7DEE00A4BE1C /* LaunchScreen.storyboard */,
				0CF4BA35261E7DEE00A4BE1C /* Info.plist */,
			);
			path = Actv_9;
			sourceTree = "<group>";
		};
		0CF4BA3D261E7DEE00A4BE1C /* Actv_9Tests */ = {
			isa = PBXGroup;
			children = (
				0CF4BA3E261E7DEE00A4BE1C /* Actv_9Tests.swift */,
				0CF4BA40261E7DEE00A4BE1C /* Info.plist */,
			);
			path = Actv_9Tests;
			sourceTree = "<group>";
		};
		0CF4BA48261E7DEF00A4BE1C /* Actv_9UITests */ = {
			isa = PBXGroup;
			children = (
				0CF4BA49261E7DEF00A4BE1C /* Actv_9UITests.swift */,
				0CF4BA4B261E7DEF00A4BE1C /* Info.plist */,
			);
			path = Actv_9UITests;
			sourceTree = "<group>";
		};
/* End PBXGroup section */

/* Begin PBXNativeTarget section */
		0CF4BA23261E7DEE00A4BE1C /* Actv_9 */ = {
			isa = PBXNativeTarget;
			buildConfigurationList = 0CF4BA4E261E7DEF00A4BE1C /* Build configuration list for PBXNativeTarget "Actv_9" */;
			buildPhases = (
				0CF4BA20261E7DEE00A4BE1C /* Sources */,
				0CF4BA21261E7DEE00A4BE1C /* Frameworks */,
				0CF4BA22261E7DEE00A4BE1C /* Resources */,
			);
			buildRules = (
			);
			dependencies = (
			);
			name = Actv_9;
			productName = Actv_9;
			productReference = 0CF4BA24261E7DEE00A4BE1C /* Actv_9.app */;
			productType = "com.apple.product-type.application";
		};
		0CF4BA39261E7DEE00A4BE1C /* Actv_9Tests */ = {
			isa = PBXNativeTarget;
			buildConfigurationList = 0CF4BA51261E7DEF00A4BE1C /* Build configuration list for PBXNativeTarget "Actv_9Tests" */;
			buildPhases = (
				0CF4BA36261E7DEE00A4BE1C /* Sources */,
				0CF4BA37261E7DEE00A4BE1C /* Frameworks */,
				0CF4BA38261E7DEE00A4BE1C /* Resources */,
			);
			buildRules = (
			);
			dependencies = (
				0CF4BA3C261E7DEE00A4BE1C /* PBXTargetDependency */,
			);
			name = Actv_9Tests;
			productName = Actv_9Tests;
			productReference = 0CF4BA3A261E7DEE00A4BE1C /* Actv_9Tests.xctest */;
			productType = "com.apple.product-type.bundle.unit-test";
		};
		0CF4BA44261E7DEF00A4BE1C /* Actv_9UITests */ = {
			isa = PBXNativeTarget;
			buildConfigurationList = 0CF4BA54261E7DEF00A4BE1C /* Build configuration list for PBXNativeTarget "Actv_9UITests" */;
			buildPhases = (
				0CF4BA41261E7DEF00A4BE1C /* Sources */,
				0CF4BA42261E7DEF00A4BE1C /* Frameworks */,
				0CF4BA43261E7DEF00A4BE1C /* Resources */,
			);
			buildRules = (
			);
			dependencies = (
				0CF4BA47261E7DEF00A4BE1C /* PBXTargetDependency */,
			);
			name = Actv_9UITests;
			productName = Actv_9UITests;
			productReference = 0CF4BA45261E7DEF00A4BE1C /* Actv_9UITests.xctest */;
			productType = "com.apple.product-type.bundle.ui-testing";
		};
/* End PBXNativeTarget section */

/* Begin PBXProject section */
		0CF4BA1C261E7DEE00A4BE1C /* Project object */ = {
			isa = PBXProject;
			attributes = {
				LastSwiftUpdateCheck = 1130;
				LastUpgradeCheck = 1130;
				ORGANIZATIONNAME = user182933;
				TargetAttributes = {
					0CF4BA23261E7DEE00A4BE1C = {
						CreatedOnToolsVersion = 11.3.1;
					};
					0CF4BA39261E7DEE00A4BE1C = {
						CreatedOnToolsVersion = 11.3.1;
						TestTargetID = 0CF4BA23261E7DEE00A4BE1C;
					};
					0CF4BA44261E7DEF00A4BE1C = {
						CreatedOnToolsVersion = 11.3.1;
						TestTargetID = 0CF4BA23261E7DEE00A4BE1C;
					};
				};
			};
			buildConfigurationList = 0CF4BA1F261E7DEE00A4BE1C /* Build configuration list for PBXProject "Actv_9" */;
			compatibilityVersion = "Xcode 9.3";
			developmentRegion = en;
			hasScannedForEncodings = 0;
			knownRegions = (
				en,
				Base,
			);
			mainGroup = 0CF4BA1B261E7DEE00A4BE1C;
			productRefGroup = 0CF4BA25261E7DEE00A4BE1C /* Products */;
			projectDirPath = "";
			projectRoot = "";
			targets = (
				0CF4BA23261E7DEE00A4BE1C /* Actv_9 */,
				0CF4BA39261E7DEE00A4BE1C /* Actv_9Tests */,
				0CF4BA44261E7DEF00A4BE1C /* Actv_9UITests */,
			);
		};
/* End PBXProject section */

/* Begin PBXResourcesBuildPhase section */
		0CF4BA22261E7DEE00A4BE1C /* Resources */ = {
			isa = PBXResourcesBuildPhase;
			buildActionMask = 2147483647;
			files = (
				0CF4BA34261E7DEE00A4BE1C /* LaunchScreen.storyboard in Resources */,
				0CF4BA31261E7DEE00A4BE1C /* Assets.xcassets in Resources */,
				0CF4BA2F261E7DEE00A4BE1C /* Main.storyboard in Resources */,
			);
			runOnlyForDeploymentPostprocessing = 0;
		};
		0CF4BA38261E7DEE00A4BE1C /* Resources */ = {
			isa = PBXResourcesBuildPhase;
			buildActionMask = 2147483647;
			files = (
			);
			runOnlyForDeploymentPostprocessing = 0;
		};
		0CF4BA43261E7DEF00A4BE1C /* Resources */ = {
			isa = PBXResourcesBuildPhase;
			buildActionMask = 2147483647;
			files = (
			);
			runOnlyForDeploymentPostprocessing = 0;
		};
/* End PBXResourcesBuildPhase section */

/* Begin PBXSourcesBuildPhase section */
		0CF4BA20261E7DEE00A4BE1C /* Sources */ = {
			isa = PBXSourcesBuildPhase;
			buildActionMask = 2147483647;
			files = (
				0CF4BA2C261E7DEE00A4BE1C /* ViewController.swift in Sources */,
				0CF4BA28261E7DEE00A4BE1C /* AppDelegate.swift in Sources */,
				0CF4BA2A261E7DEE00A4BE1C /* SceneDelegate.swift in Sources */,
			);
			runOnlyForDeploymentPostprocessing = 0;
		};
		0CF4BA36261E7DEE00A4BE1C /* Sources */ = {
			isa = PBXSourcesBuildPhase;
			buildActionMask = 2147483647;
			files = (
				0CF4BA3F261E7DEE00A4BE1C /* Actv_9Tests.swift in Sources */,
			);
			runOnlyForDeploymentPostprocessing = 0;
		};
		0CF4BA41261E7DEF00A4BE1C /* Sources */ = {
			isa = PBXSourcesBuildPhase;
			buildActionMask = 2147483647;
			files = (
				0CF4BA4A261E7DEF00A4BE1C /* Actv_9UITests.swift in Sources */,
			);
			runOnlyForDeploymentPostprocessing = 0;
		};
/* End PBXSourcesBuildPhase section */

/* Begin PBXTargetDependency section */
		0CF4BA3C261E7DEE00A4BE1C /* PBXTargetDependency */ = {
			isa = PBXTargetDependency;
			target = 0CF4BA23261E7DEE00A4BE1C /* Actv_9 */;
			targetProxy = 0CF4BA3B261E7DEE00A4BE1C /* PBXContainerItemProxy */;
		};
		0CF4BA47261E7DEF00A4BE1C /* PBXTargetDependency */ = {
			isa = PBXTargetDependency;
			target = 0CF4BA23261E7DEE00A4BE1C /* Actv_9 */;
			targetProxy = 0CF4BA46261E7DEF00A4BE1C /* PBXContainerItemProxy */;
		};
/* End PBXTargetDependency section */

/* Begin PBXVariantGroup section */
		0CF4BA2D261E7DEE00A4BE1C /* Main.storyboard */ = {
			isa = PBXVariantGroup;
			children = (
				0CF4BA2E261E7DEE00A4BE1C /* Base */,
			);
			name = Main.storyboard;
			sourceTree = "<group>";
		};
		0CF4BA32261E7DEE00A4BE1C /* LaunchScreen.storyboard */ = {
			isa = PBXVariantGroup;
			children = (
				0CF4BA33261E7DEE00A4BE1C /* Base */,
			);
			name = LaunchScreen.storyboard;
			sourceTree = "<group>";
		};
/* End PBXVariantGroup section */

/* Begin XCBuildConfiguration section */
		0CF4BA4C261E7DEF00A4BE1C /* Debug */ = {
			isa = XCBuildConfiguration;
			buildSettings = {
				ALWAYS_SEARCH_USER_PATHS = NO;
				CLANG_ANALYZER_NONNULL = YES;
				CLANG_ANALYZER_NUMBER_OBJECT_CONVERSION = YES_AGGRESSIVE;
				CLANG_CXX_LANGUAGE_STANDARD = "gnu++14";
				CLANG_CXX_LIBRARY = "libc++";
				CLANG_ENABLE_MODULES = YES;
				CLANG_ENABLE_OBJC_ARC = YES;
				CLANG_ENABLE_OBJC_WEAK = YES;
				CLANG_WARN_BLOCK_CAPTURE_AUTORELEASING = YES;
				CLANG_WARN_BOOL_CONVERSION = YES;
				CLANG_WARN_COMMA = YES;
				CLANG_WARN_CONSTANT_CONVERSION = YES;
				CLANG_WARN_DEPRECATED_OBJC_IMPLEMENTATIONS = YES;
				CLANG_WARN_DIRECT_OBJC_ISA_USAGE = YES_ERROR;
				CLANG_WARN_DOCUMENTATION_COMMENTS = YES;
				CLANG_WARN_EMPTY_BODY = YES;
				CLANG_WARN_ENUM_CONVERSION = YES;
				CLANG_WARN_INFINITE_RECURSION = YES;
				CLANG_WARN_INT_CONVERSION = YES;
				CLANG_WARN_NON_LITERAL_NULL_CONVERSION = YES;
				CLANG_WARN_OBJC_IMPLICIT_RETAIN_SELF = YES;
				CLANG_WARN_OBJC_LITERAL_CONVERSION = YES;
				CLANG_WARN_OBJC_ROOT_CLASS = YES_ERROR;
				CLANG_WARN_RANGE_LOOP_ANALYSIS = YES;
				CLANG_WARN_STRICT_PROTOTYPES = YES;
				CLANG_WARN_SUSPICIOUS_MOVE = YES;
				CLANG_WARN_UNGUARDED_AVAILABILITY = YES_AGGRESSIVE;
				CLANG_WARN_UNREACHABLE_CODE = YES;
				CLANG_WARN__DUPLICATE_METHOD_MATCH = YES;
				COPY_PHASE_STRIP = NO;
				DEBUG_INFORMATION_FORMAT = dwarf;
				ENABLE_STRICT_OBJC_MSGSEND = YES;
				ENABLE_TESTABILITY = YES;
				GCC_C_LANGUAGE_STANDARD = gnu11;
				GCC_DYNAMIC_NO_PIC = NO;
				GCC_NO_COMMON_BLOCKS = YES;
				GCC_OPTIMIZATION_LEVEL = 0;
				GCC_PREPROCESSOR_DEFINITIONS = (
					"DEBUG=1",
					"$(inherited)",
				);
				GCC_WARN_64_TO_32_BIT_CONVERSION = YES;
				GCC_WARN_ABOUT_RETURN_TYPE = YES_ERROR;
				GCC_WARN_UNDECLARED_SELECTOR = YES;
				GCC_WARN_UNINITIALIZED_AUTOS = YES_AGGRESSIVE;
				GCC_WARN_UNUSED_FUNCTION = YES;
				GCC_WARN_UNUSED_VARIABLE = YES;
				IPHONEOS_DEPLOYMENT_TARGET = 13.2;
				MTL_ENABLE_DEBUG_INFO = INCLUDE_SOURCE;
				MTL_FAST_MATH = YES;
				ONLY_ACTIVE_ARCH = YES;
				SDKROOT = iphoneos;
				SWIFT_ACTIVE_COMPILATION_CONDITIONS = DEBUG;
				SWIFT_OPTIMIZATION_LEVEL = "-Onone";
			};
			name = Debug;
		};
		0CF4BA4D261E7DEF00A4BE1C /* Release */ = {
			isa = XCBuildConfiguration;
			buildSettings = {
				ALWAYS_SEARCH_USER_PATHS = NO;
				CLANG_ANALYZER_NONNULL = YES;
				CLANG_ANALYZER_NUMBER_OBJECT_CONVERSION = YES_AGGRESSIVE;
				CLANG_CXX_LANGUAGE_STANDARD = "gnu++14";
				CLANG_CXX_LIBRARY = "libc++";
				CLANG_ENABLE_MODULES = YES;
				CLANG_ENABLE_OBJC_ARC = YES;
				CLANG_ENABLE_OBJC_WEAK = YES;
				CLANG_WARN_BLOCK_CAPTURE_AUTORELEASING = YES;
				CLANG_WARN_BOOL_CONVERSION = YES;
				CLANG_WARN_COMMA = YES;
				CLANG_WARN_CONSTANT_CONVERSION = YES;
				CLANG_WARN_DEPRECATED_OBJC_IMPLEMENTATIONS = YES;
				CLANG_WARN_DIRECT_OBJC_ISA_USAGE = YES_ERROR;
				CLANG_WARN_DOCUMENTATION_COMMENTS = YES;
				CLANG_WARN_EMPTY_BODY = YES;
				CLANG_WARN_ENUM_CONVERSION = YES;
				CLANG_WARN_INFINITE_RECURSION = YES;
				CLANG_WARN_INT_CONVERSION = YES;
				CLANG_WARN_NON_LITERAL_NULL_CONVERSION = YES;
				CLANG_WARN_OBJC_IMPLICIT_RETAIN_SELF = YES;
				CLANG_WARN_OBJC_LITERAL_CONVERSION = YES;
				CLANG_WARN_OBJC_ROOT_CLASS = YES_ERROR;
				CLANG_WARN_RANGE_LOOP_ANALYSIS = YES;
				CLANG_WARN_STRICT_PROTOTYPES = YES;
				CLANG_WARN_SUSPICIOUS_MOVE = YES;
				CLANG_WARN_UNGUARDED_AVAILABILITY = YES_AGGRESSIVE;
				CLANG_WARN_UNREACHABLE_CODE = YES;
				CLANG_WARN__DUPLICATE_METHOD_MATCH = YES;
				COPY_PHASE_STRIP = NO;
				DEBUG_INFORMATION_FORMAT = "dwarf-with-dsym";
				ENABLE_NS_ASSERTIONS = NO;
				ENABLE_STRICT_OBJC_MSGSEND = YES;
				GCC_C_LANGUAGE_STANDARD = gnu11;
				GCC_NO_COMMON_BLOCKS = YES;
				GCC_WARN_64_TO_32_BIT_CONVERSION = YES;
				GCC_WARN_ABOUT_RETURN_TYPE = YES_ERROR;
				GCC_WARN_UNDECLARED_SELECTOR = YES;
				GCC_WARN_UNINITIALIZED_AUTOS = YES_AGGRESSIVE;
				GCC_WARN_UNUSED_FUNCTION = YES;
				GCC_WARN_UNUSED_VARIABLE = YES;
				IPHONEOS_DEPLOYMENT_TARGET = 13.2;
				MTL_ENABLE_DEBUG_INFO = NO;
				MTL_FAST_MATH = YES;
				SDKROOT = iphoneos;
				SWIFT_COMPILATION_MODE = wholemodule;
				SWIFT_OPTIMIZATION_LEVEL = "-O";
				VALIDATE_PRODUCT = YES;
			};
			name = Release;
		};
		0CF4BA4F261E7DEF00A4BE1C /* Debug */ = {
			isa = XCBuildConfiguration;
			buildSettings = {
				ASSETCATALOG_COMPILER_APPICON_NAME = AppIcon;
				CODE_SIGN_STYLE = Automatic;
				INFOPLIST_FILE = Actv_9/Info.plist;
				LD_RUNPATH_SEARCH_PATHS = (
					"$(inherited)",
					"@executable_path/Frameworks",
				);
				PRODUCT_BUNDLE_IDENTIFIER = "lauro.Actv-9";
				PRODUCT_NAME = "$(TARGET_NAME)";
				SWIFT_VERSION = 5.0;
				TARGETED_DEVICE_FAMILY = "1,2";
			};
			name = Debug;
		};
		0CF4BA50261E7DEF00A4BE1C /* Release */ = {
			isa = XCBuildConfiguration;
			buildSettings = {
				ASSETCATALOG_COMPILER_APPICON_NAME = AppIcon;
				CODE_SIGN_STYLE = Automatic;
				INFOPLIST_FILE = Actv_9/Info.plist;
				LD_RUNPATH_SEARCH_PATHS = (
					"$(inherited)",
					"@executable_path/Frameworks",
				);
				PRODUCT_BUNDLE_IDENTIFIER = "lauro.Actv-9";
				PRODUCT_NAME = "$(TARGET_NAME)";
				SWIFT_VERSION = 5.0;
				TARGETED_DEVICE_FAMILY = "1,2";
			};
			name = Release;
		};
		0CF4BA52261E7DEF00A4BE1C /* Debug */ = {
			isa = XCBuildConfiguration;
			buildSettings = {
				ALWAYS_EMBED_SWIFT_STANDARD_LIBRARIES = YES;
				BUNDLE_LOADER = "$(TEST_HOST)";
				CODE_SIGN_STYLE = Automatic;
				INFOPLIST_FILE = Actv_9Tests/Info.plist;
				IPHONEOS_DEPLOYMENT_TARGET = 13.2;
				LD_RUNPATH_SEARCH_PATHS = (
					"$(inherited)",
					"@executable_path/Frameworks",
					"@loader_path/Frameworks",
				);
				PRODUCT_BUNDLE_IDENTIFIER = "lauro.Actv-9Tests";
				PRODUCT_NAME = "$(TARGET_NAME)";
				SWIFT_VERSION = 5.0;
				TARGETED_DEVICE_FAMILY = "1,2";
				TEST_HOST = "$(BUILT_PRODUCTS_DIR)/Actv_9.app/Actv_9";
			};
			name = Debug;
		};
		0CF4BA53261E7DEF00A4BE1C /* Release */ = {
			isa = XCBuildConfiguration;
			buildSettings = {
				ALWAYS_EMBED_SWIFT_STANDARD_LIBRARIES = YES;
				BUNDLE_LOADER = "$(TEST_HOST)";
				CODE_SIGN_STYLE = Automatic;
				INFOPLIST_FILE = Actv_9Tests/Info.plist;
				IPHONEOS_DEPLOYMENT_TARGET = 13.2;
				LD_RUNPATH_SEARCH_PATHS = (
					"$(inherited)",
					"@executable_path/Frameworks",
					"@loader_path/Frameworks",
				);
				PRODUCT_BUNDLE_IDENTIFIER = "lauro.Actv-9Tests";
				PRODUCT_NAME = "$(TARGET_NAME)";
				SWIFT_VERSION = 5.0;
				TARGETED_DEVICE_FAMILY = "1,2";
				TEST_HOST = "$(BUILT_PRODUCTS_DIR)/Actv_9.app/Actv_9";
			};
			name = Release;
		};
		0CF4BA55261E7DEF00A4BE1C /* Debug */ = {
			isa = XCBuildConfiguration;
			buildSettings = {
				ALWAYS_EMBED_SWIFT_STANDARD_LIBRARIES = YES;
				CODE_SIGN_STYLE = Automatic;
				INFOPLIST_FILE = Actv_9UITests/Info.plist;
				LD_RUNPATH_SEARCH_PATHS = (
					"$(inherited)",
					"@executable_path/Frameworks",
					"@loader_path/Frameworks",
				);
				PRODUCT_BUNDLE_IDENTIFIER = "lauro.Actv-9UITests";
				PRODUCT_NAME = "$(TARGET_NAME)";
				SWIFT_VERSION = 5.0;
				TARGETED_DEVICE_FAMILY = "1,2";
				TEST_TARGET_NAME = Actv_9;
			};
			name = Debug;
		};
		0CF4BA56261E7DEF00A4BE1C /* Release */ = {
			isa = XCBuildConfiguration;
			buildSettings = {
				ALWAYS_EMBED_SWIFT_STANDARD_LIBRARIES = YES;
				CODE_SIGN_STYLE = Automatic;
				INFOPLIST_FILE = Actv_9UITests/Info.plist;
				LD_RUNPATH_SEARCH_PATHS = (
					"$(inherited)",
					"@executable_path/Frameworks",
					"@loader_path/Frameworks",
				);
				PRODUCT_BUNDLE_IDENTIFIER = "lauro.Actv-9UITests";
				PRODUCT_NAME = "$(TARGET_NAME)";
				SWIFT_VERSION = 5.0;
				TARGETED_DEVICE_FAMILY = "1,2";
				TEST_TARGET_NAME = Actv_9;
			};
			name = Release;
		};
/* End XCBuildConfiguration section */

/* Begin XCConfigurationList section */
		0CF4BA1F261E7DEE00A4BE1C /* Build configuration list for PBXProject "Actv_9" */ = {
			isa = XCConfigurationList;
			buildConfigurations = (
				0CF4BA4C261E7DEF00A4BE1C /* Debug */,
				0CF4BA4D261E7DEF00A4BE1C /* Release */,
			);
			defaultConfigurationIsVisible = 0;
			defaultConfigurationName = Release;
		};
		0CF4BA4E261E7DEF00A4BE1C /* Build configuration list for PBXNativeTarget "Actv_9" */ = {
			isa = XCConfigurationList;
			buildConfigurations = (
				0CF4BA4F261E7DEF00A4BE1C /* Debug */,
				0CF4BA50261E7DEF00A4BE1C /* Release */,
			);
			defaultConfigurationIsVisible = 0;
			defaultConfigurationName = Release;
		};
		0CF4BA51261E7DEF00A4BE1C /* Build configuration list for PBXNativeTarget "Actv_9Tests" */ = {
			isa = XCConfigurationList;
			buildConfigurations = (
				0CF4BA52261E7DEF00A4BE1C /* Debug */,
				0CF4BA53261E7DEF00A4BE1C /* Release */,
			);
			defaultConfigurationIsVisible = 0;
			defaultConfigurationName = Release;
		};
		0CF4BA54261E7DEF00A4BE1C /* Build configuration list for PBXNativeTarget "Actv_9UITests" */ = {
			isa = XCConfigurationList;
			buildConfigurations = (
				0CF4BA55261E7DEF00A4BE1C /* Debug */,
				0CF4BA56261E7DEF00A4BE1C /* Release */,
			);
			defaultConfigurationIsVisible = 0;
			defaultConfigurationName = Release;
		};
/* End XCConfigurationList section */
	};
	rootObject = 0CF4BA1C261E7DEE00A4BE1C /* Project object */;
}
